{
  "name": "shm",
  "version": "1.0.0",
  "lockfileVersion": 2,
  "requires": true,
  "packages": {
    "": {
      "name": "shm",
      "version": "1.0.0",
      "license": "ISC",
      "dependencies": {
        "@vant/weapp": "^1.10.12",
        "weui-miniprogram": "^1.2.7"
      }
    },
    "node_modules/@vant/weapp": {
      "version": "1.10.12",
      "resolved": "https://registry.npmjs.org/@vant/weapp/-/weapp-1.10.12.tgz",
      "integrity": "sha512-92HtmIOdBD6gGTGhAt8/6bjPvwidgs+49/M4GhPUr9FyJ2xRUxE4d3I+zDtd+GM+v053eiuiQ6V/96DYzW/AVw=="
    },
    "node_modules/weui-miniprogram": {
      "version": "1.2.7",
      "resolved": "https://registry.npmjs.org/weui-miniprogram/-/weui-miniprogram-1.2.7.tgz",
      "integrity": "sha512-KuoMzfwqw8x0jdURJc3NnsHziNOw11e6EJsW4mkROIH6QQjorMEhwAxj6aFZuPRnGZLFFFIz2TATxlUYxqoh0Q=="
    }
  },
  "dependencies": {
    "@vant/weapp": {
      "version": "1.10.12",
      "resolved": "https://registry.npmjs.org/@vant/weapp/-/weapp-1.10.12.tgz",
      "integrity": "sha512-92HtmIOdBD6gGTGhAt8/6bjPvwidgs+49/M4GhPUr9FyJ2xRUxE4d3I+zDtd+GM+v053eiuiQ6V/96DYzW/AVw=="
    },
    "weui-miniprogram": {
      "version": "1.2.7",
      "resolved": "https://registry.npmjs.org/weui-miniprogram/-/weui-miniprogram-1.2.7.tgz",
      "integrity": "sha512-KuoMzfwqw8x0jdURJc3NnsHziNOw11e6EJsW4mkROIH6QQjorMEhwAxj6aFZuPRnGZLFFFIz2TATxlUYxqoh0Q=="
    }
  }
}
